
Microsoft Visual Studio Solution File, Format Version 12.00
# Visual Studio Version 16
VisualStudioVersion = 25.0.1706.14
MinimumVisualStudioVersion = 10.0.40219.1
Project("{FAE04EC0-301F-11D3-BF4B-00C04F79EFBC}") = "week8epicgames", "week8epicgames\week8epicgames.csproj", "{585EEF00-F7F2-4199-8523-56734FD6BCA5}"
EndProject
Global
	GlobalSection(SolutionConfigurationPlatforms) = preSolution
		Debug|Any CPU = Debug|Any CPU
		Release|Any CPU = Release|Any CPU
	EndGlobalSection
	GlobalSection(ProjectConfigurationPlatforms) = postSolution
		{585EEF00-F7F2-4199-8523-56734FD6BCA5}.Debug|Any CPU.ActiveCfg = Debug|Any CPU
		{585EEF00-F7F2-4199-8523-56734FD6BCA5}.Debug|Any CPU.Build.0 = Debug|Any CPU
		{585EEF00-F7F2-4199-8523-56734FD6BCA5}.Release|Any CPU.ActiveCfg = Release|Any CPU
		{585EEF00-F7F2-4199-8523-56734FD6BCA5}.Release|Any CPU.Build.0 = Release|Any CPU
	EndGlobalSection
	GlobalSection(SolutionProperties) = preSolution
		HideSolutionNode = FALSE
	EndGlobalSection
	GlobalSection(ExtensibilityGlobals) = postSolution
		SolutionGuid = {CCF4E3E9-C5FA-488F-B310-0CC750F16A8E}
	EndGlobalSection
EndGlobal
